{
  "version": 4,
  "terraform_version": "1.4.6",
  "serial": 36,
  "lineage": "f574e692-11e8-3580-4b9d-21efaa34c148",
  "outputs": {
    "Subnet1_Name": {
      "value": "network-subnet1",
      "type": "string"
    },
    "Subnet1_Space": {
      "value": "10.0.0.0/24",
      "type": "string"
    },
    "Subnet2_Name": {
      "value": "network-subnet2",
      "type": "string"
    },
    "Subnet2_Space": {
      "value": "10.0.1.0/24",
      "type": "string"
    },
    "VM_PrivateIP": {
      "value": "10.0.0.4",
      "type": "string"
    },
    "VM_PublicIP": {
      "value": "4.204.203.194",
      "type": "string"
    },
    "VM_fqdn": {
      "value": "n01595368-u-vm1-n01595368.canadacentral.cloudapp.azure.com",
      "type": "string"
    },
    "VM_name": {
      "value": "n01595368-u-vm1",
      "type": "string"
    },
    "VNET_Name": {
      "value": "network-vnet",
      "type": "string"
    },
    "VNET_Space": {
      "value": [
        "10.0.0.0/16"
      ],
      "type": [
        "list",
        "string"
      ]
    }
  },
  "resources": [
    {
      "mode": "managed",
      "type": "azurerm_linux_virtual_machine",
      "name": "vm",
      "provider": "provider[\"registry.terraform.io/hashicorp/azurerm\"]",
      "instances": [
        {
          "schema_version": 0,
          "attributes": {
            "additional_capabilities": [],
            "admin_password": null,
            "admin_ssh_key": [
              {
                "public_key": "ssh-rsa AAAAB3NzaC1yc2EAAAADAQABAAABgQDEyvXQyYpPwzk+BZtd75QICPAISk2bRj3xL8HAziDaigE+86eD69zSNQN+b8EOzHbmWgzqPE4QK1I9WH2PSjeFiqMTC5gV0degmwj3vfUxpod/scN4IUnws25SHjL+mHxansUrxzowphWEe65nCkdTDAIc5MnjA+VrjR9YtnRPVv5waCFUS3m9pBEdp30vDN8VRgyp0e+ZBTjdFMnFb5eBCNCO9mHMUWPw7hxFWqNcqk2c2w4AMLG7qrA5AnnVCZE0NC910XcVFOw7YUrDbHJen7Z43+gBUYl9VNcazWA+DDZ6XGGrHDFWlFU1IsbSwrjNXx6TTO2S1s/0EVDsOAn94kDxc25XJNUw2Uhmkq08TS1WyzY8lXZzcY5GDorUanLumBl4IVha8iZFDjn4kvT3qwysSNigP0acHdcWoe2DgPrA/siNkEPcDBnZJT+GewoNoWRU+WJ51OqsBMSbGZFtlTcGscG6V0v8/hwVaDgDbCjVIko6P5LerAfe8dRkCaM= keithkwok@Keithde-MacBook-Pro.local\n",
                "username": "n01595368"
              }
            ],
            "admin_username": "n01595368",
            "allow_extension_operations": true,
            "availability_set_id": "",
            "boot_diagnostics": [],
            "capacity_reservation_group_id": "",
            "computer_name": "n01595368-u-vm1",
            "custom_data": null,
            "dedicated_host_group_id": "",
            "dedicated_host_id": "",
            "disable_password_authentication": true,
            "edge_zone": "",
            "encryption_at_host_enabled": false,
            "eviction_policy": "",
            "extensions_time_budget": "PT1H30M",
            "gallery_application": [],
            "id": "/subscriptions/c207b113-8d0f-4fef-a892-47b962032477/resourceGroups/network-rg/providers/Microsoft.Compute/virtualMachines/n01595368-u-vm1",
            "identity": [],
            "license_type": "",
            "location": "canadacentral",
            "max_bid_price": -1,
            "name": "n01595368-u-vm1",
            "network_interface_ids": [
              "/subscriptions/c207b113-8d0f-4fef-a892-47b962032477/resourceGroups/network-rg/providers/Microsoft.Network/networkInterfaces/n01595368-u-vm1-nic"
            ],
            "os_disk": [
              {
                "caching": "ReadWrite",
                "diff_disk_settings": [],
                "disk_encryption_set_id": "",
                "disk_size_gb": 32,
                "name": "n01595368-u-vm1-os-disk",
                "secure_vm_disk_encryption_set_id": "",
                "security_encryption_type": "",
                "storage_account_type": "Premium_LRS",
                "write_accelerator_enabled": false
              }
            ],
            "patch_assessment_mode": "ImageDefault",
            "patch_mode": "ImageDefault",
            "plan": [],
            "platform_fault_domain": -1,
            "priority": "Regular",
            "private_ip_address": "10.0.0.4",
            "private_ip_addresses": [
              "10.0.0.4"
            ],
            "provision_vm_agent": true,
            "proximity_placement_group_id": "",
            "public_ip_address": "4.204.203.194",
            "public_ip_addresses": [
              "4.204.203.194"
            ],
            "resource_group_name": "network-rg",
            "secret": [],
            "secure_boot_enabled": false,
            "size": "Standard_B1s",
            "source_image_id": "",
            "source_image_reference": [
              {
                "offer": "UbuntuServer",
                "publisher": "Canonical",
                "sku": "18.04-LTS",
                "version": "latest"
              }
            ],
            "tags": {
              "ContactEmail": "n01595368@humber.ca",
              "Environment": "Lab",
              "Name": "Terraform-Classb",
              "Project": "Learning"
            },
            "termination_notification": null,
            "timeouts": null,
            "user_data": "",
            "virtual_machine_id": "17cc2883-8ab3-4404-b653-7ece89525ea4",
            "virtual_machine_scale_set_id": "",
            "vtpm_enabled": false,
            "zone": ""
          },
          "sensitive_attributes": [],
          "private": "eyJlMmJmYjczMC1lY2FhLTExZTYtOGY4OC0zNDM2M2JjN2M0YzAiOnsiY3JlYXRlIjoyNzAwMDAwMDAwMDAwLCJkZWxldGUiOjI3MDAwMDAwMDAwMDAsInJlYWQiOjMwMDAwMDAwMDAwMCwidXBkYXRlIjoyNzAwMDAwMDAwMDAwfX0=",
          "dependencies": [
            "azurerm_network_interface.nic",
            "azurerm_public_ip.pip",
            "azurerm_resource_group.rg",
            "azurerm_subnet.subnet",
            "azurerm_virtual_network.vnet"
          ]
        }
      ]
    },
    {
      "mode": "managed",
      "type": "azurerm_network_interface",
      "name": "nic",
      "provider": "provider[\"registry.terraform.io/hashicorp/azurerm\"]",
      "instances": [
        {
          "schema_version": 0,
          "attributes": {
            "applied_dns_servers": [],
            "dns_servers": [],
            "edge_zone": "",
            "enable_accelerated_networking": false,
            "enable_ip_forwarding": false,
            "id": "/subscriptions/c207b113-8d0f-4fef-a892-47b962032477/resourceGroups/network-rg/providers/Microsoft.Network/networkInterfaces/n01595368-u-vm1-nic",
            "internal_dns_name_label": "",
            "internal_domain_name_suffix": "ei3tzp31voiepn4x4kidsu20tb.ux.internal.cloudapp.net",
            "ip_configuration": [
              {
                "gateway_load_balancer_frontend_ip_configuration_id": "",
                "name": "n01595368-u-vm1-ipconfig",
                "primary": true,
                "private_ip_address": "10.0.0.4",
                "private_ip_address_allocation": "Dynamic",
                "private_ip_address_version": "IPv4",
                "public_ip_address_id": "/subscriptions/c207b113-8d0f-4fef-a892-47b962032477/resourceGroups/network-rg/providers/Microsoft.Network/publicIPAddresses/n01595368-u-vm1-pip",
                "subnet_id": "/subscriptions/c207b113-8d0f-4fef-a892-47b962032477/resourceGroups/network-rg/providers/Microsoft.Network/virtualNetworks/network-vnet/subnets/network-subnet1"
              }
            ],
            "location": "canadacentral",
            "mac_address": "",
            "name": "n01595368-u-vm1-nic",
            "private_ip_address": "10.0.0.4",
            "private_ip_addresses": [
              "10.0.0.4"
            ],
            "resource_group_name": "network-rg",
            "tags": {
              "ContactEmail": "n01595368@humber.ca",
              "Environment": "Lab",
              "Name": "Terraform-Classb",
              "Project": "Learning"
            },
            "timeouts": null,
            "virtual_machine_id": ""
          },
          "sensitive_attributes": [],
          "private": "eyJlMmJmYjczMC1lY2FhLTExZTYtOGY4OC0zNDM2M2JjN2M0YzAiOnsiY3JlYXRlIjoxODAwMDAwMDAwMDAwLCJkZWxldGUiOjE4MDAwMDAwMDAwMDAsInJlYWQiOjMwMDAwMDAwMDAwMCwidXBkYXRlIjoxODAwMDAwMDAwMDAwfX0=",
          "dependencies": [
            "azurerm_public_ip.pip",
            "azurerm_resource_group.rg",
            "azurerm_subnet.subnet",
            "azurerm_virtual_network.vnet"
          ]
        }
      ]
    },
    {
      "mode": "managed",
      "type": "azurerm_network_security_group",
      "name": "nsg",
      "provider": "provider[\"registry.terraform.io/hashicorp/azurerm\"]",
      "instances": [
        {
          "schema_version": 0,
          "attributes": {
            "id": "/subscriptions/c207b113-8d0f-4fef-a892-47b962032477/resourceGroups/network-rg/providers/Microsoft.Network/networkSecurityGroups/network-nsg1",
            "location": "canadacentral",
            "name": "network-nsg1",
            "resource_group_name": "network-rg",
            "security_rule": [
              {
                "access": "Allow",
                "description": "",
                "destination_address_prefix": "*",
                "destination_address_prefixes": [],
                "destination_application_security_group_ids": [],
                "destination_port_range": "22",
                "destination_port_ranges": [],
                "direction": "Inbound",
                "name": "rule1",
                "priority": 100,
                "protocol": "Tcp",
                "source_address_prefix": "*",
                "source_address_prefixes": [],
                "source_application_security_group_ids": [],
                "source_port_range": "*",
                "source_port_ranges": []
              }
            ],
            "tags": null,
            "timeouts": null
          },
          "sensitive_attributes": [],
          "private": "eyJlMmJmYjczMC1lY2FhLTExZTYtOGY4OC0zNDM2M2JjN2M0YzAiOnsiY3JlYXRlIjoxODAwMDAwMDAwMDAwLCJkZWxldGUiOjE4MDAwMDAwMDAwMDAsInJlYWQiOjMwMDAwMDAwMDAwMCwidXBkYXRlIjoxODAwMDAwMDAwMDAwfX0=",
          "dependencies": [
            "azurerm_resource_group.rg"
          ]
        }
      ]
    },
    {
      "mode": "managed",
      "type": "azurerm_network_security_group",
      "name": "nsg2",
      "provider": "provider[\"registry.terraform.io/hashicorp/azurerm\"]",
      "instances": [
        {
          "schema_version": 0,
          "attributes": {
            "id": "/subscriptions/c207b113-8d0f-4fef-a892-47b962032477/resourceGroups/network-rg/providers/Microsoft.Network/networkSecurityGroups/network-nsg2",
            "location": "canadacentral",
            "name": "network-nsg2",
            "resource_group_name": "network-rg",
            "security_rule": [
              {
                "access": "Allow",
                "description": "",
                "destination_address_prefix": "*",
                "destination_address_prefixes": [],
                "destination_application_security_group_ids": [],
                "destination_port_range": "3389",
                "destination_port_ranges": [],
                "direction": "Inbound",
                "name": "rule1",
                "priority": 100,
                "protocol": "Tcp",
                "source_address_prefix": "*",
                "source_address_prefixes": [],
                "source_application_security_group_ids": [],
                "source_port_range": "*",
                "source_port_ranges": []
              },
              {
                "access": "Allow",
                "description": "",
                "destination_address_prefix": "*",
                "destination_address_prefixes": [],
                "destination_application_security_group_ids": [],
                "destination_port_range": "5985",
                "destination_port_ranges": [],
                "direction": "Inbound",
                "name": "rule2",
                "priority": 200,
                "protocol": "Tcp",
                "source_address_prefix": "*",
                "source_address_prefixes": [],
                "source_application_security_group_ids": [],
                "source_port_range": "*",
                "source_port_ranges": []
              }
            ],
            "tags": null,
            "timeouts": null
          },
          "sensitive_attributes": [],
          "private": "eyJlMmJmYjczMC1lY2FhLTExZTYtOGY4OC0zNDM2M2JjN2M0YzAiOnsiY3JlYXRlIjoxODAwMDAwMDAwMDAwLCJkZWxldGUiOjE4MDAwMDAwMDAwMDAsInJlYWQiOjMwMDAwMDAwMDAwMCwidXBkYXRlIjoxODAwMDAwMDAwMDAwfX0=",
          "dependencies": [
            "azurerm_resource_group.rg"
          ]
        }
      ]
    },
    {
      "mode": "managed",
      "type": "azurerm_public_ip",
      "name": "pip",
      "provider": "provider[\"registry.terraform.io/hashicorp/azurerm\"]",
      "instances": [
        {
          "schema_version": 0,
          "attributes": {
            "allocation_method": "Dynamic",
            "ddos_protection_mode": "VirtualNetworkInherited",
            "ddos_protection_plan_id": null,
            "domain_name_label": "n01595368-u-vm1-n01595368",
            "edge_zone": "",
            "fqdn": "n01595368-u-vm1-n01595368.canadacentral.cloudapp.azure.com",
            "id": "/subscriptions/c207b113-8d0f-4fef-a892-47b962032477/resourceGroups/network-rg/providers/Microsoft.Network/publicIPAddresses/n01595368-u-vm1-pip",
            "idle_timeout_in_minutes": 4,
            "ip_address": "",
            "ip_tags": null,
            "ip_version": "IPv4",
            "location": "canadacentral",
            "name": "n01595368-u-vm1-pip",
            "public_ip_prefix_id": null,
            "resource_group_name": "network-rg",
            "reverse_fqdn": "",
            "sku": "Basic",
            "sku_tier": "Regional",
            "tags": {
              "ContactEmail": "n01595368@humber.ca",
              "Environment": "Lab",
              "Name": "Terraform-Classb",
              "Project": "Learning"
            },
            "timeouts": null,
            "zones": null
          },
          "sensitive_attributes": [],
          "private": "eyJlMmJmYjczMC1lY2FhLTExZTYtOGY4OC0zNDM2M2JjN2M0YzAiOnsiY3JlYXRlIjoxODAwMDAwMDAwMDAwLCJkZWxldGUiOjE4MDAwMDAwMDAwMDAsInJlYWQiOjMwMDAwMDAwMDAwMCwidXBkYXRlIjoxODAwMDAwMDAwMDAwfX0=",
          "dependencies": [
            "azurerm_resource_group.rg"
          ]
        }
      ]
    },
    {
      "mode": "managed",
      "type": "azurerm_resource_group",
      "name": "rg",
      "provider": "provider[\"registry.terraform.io/hashicorp/azurerm\"]",
      "instances": [
        {
          "schema_version": 0,
          "attributes": {
            "id": "/subscriptions/c207b113-8d0f-4fef-a892-47b962032477/resourceGroups/network-rg",
            "location": "canadacentral",
            "name": "network-rg",
            "tags": null,
            "timeouts": null
          },
          "sensitive_attributes": [],
          "private": "eyJlMmJmYjczMC1lY2FhLTExZTYtOGY4OC0zNDM2M2JjN2M0YzAiOnsiY3JlYXRlIjo1NDAwMDAwMDAwMDAwLCJkZWxldGUiOjU0MDAwMDAwMDAwMDAsInJlYWQiOjMwMDAwMDAwMDAwMCwidXBkYXRlIjo1NDAwMDAwMDAwMDAwfX0="
        }
      ]
    },
    {
      "mode": "managed",
      "type": "azurerm_subnet",
      "name": "subnet",
      "provider": "provider[\"registry.terraform.io/hashicorp/azurerm\"]",
      "instances": [
        {
          "schema_version": 0,
          "attributes": {
            "address_prefixes": [
              "10.0.0.0/24"
            ],
            "delegation": [],
            "enforce_private_link_endpoint_network_policies": false,
            "enforce_private_link_service_network_policies": false,
            "id": "/subscriptions/c207b113-8d0f-4fef-a892-47b962032477/resourceGroups/network-rg/providers/Microsoft.Network/virtualNetworks/network-vnet/subnets/network-subnet1",
            "name": "network-subnet1",
            "private_endpoint_network_policies_enabled": true,
            "private_link_service_network_policies_enabled": true,
            "resource_group_name": "network-rg",
            "service_endpoint_policy_ids": null,
            "service_endpoints": null,
            "timeouts": null,
            "virtual_network_name": "network-vnet"
          },
          "sensitive_attributes": [],
          "private": "eyJlMmJmYjczMC1lY2FhLTExZTYtOGY4OC0zNDM2M2JjN2M0YzAiOnsiY3JlYXRlIjoxODAwMDAwMDAwMDAwLCJkZWxldGUiOjE4MDAwMDAwMDAwMDAsInJlYWQiOjMwMDAwMDAwMDAwMCwidXBkYXRlIjoxODAwMDAwMDAwMDAwfX0=",
          "dependencies": [
            "azurerm_resource_group.rg",
            "azurerm_virtual_network.vnet"
          ]
        }
      ]
    },
    {
      "mode": "managed",
      "type": "azurerm_subnet",
      "name": "subnet2",
      "provider": "provider[\"registry.terraform.io/hashicorp/azurerm\"]",
      "instances": [
        {
          "schema_version": 0,
          "attributes": {
            "address_prefixes": [
              "10.0.1.0/24"
            ],
            "delegation": [],
            "enforce_private_link_endpoint_network_policies": false,
            "enforce_private_link_service_network_policies": false,
            "id": "/subscriptions/c207b113-8d0f-4fef-a892-47b962032477/resourceGroups/network-rg/providers/Microsoft.Network/virtualNetworks/network-vnet/subnets/network-subnet2",
            "name": "network-subnet2",
            "private_endpoint_network_policies_enabled": true,
            "private_link_service_network_policies_enabled": true,
            "resource_group_name": "network-rg",
            "service_endpoint_policy_ids": null,
            "service_endpoints": null,
            "timeouts": null,
            "virtual_network_name": "network-vnet"
          },
          "sensitive_attributes": [],
          "private": "eyJlMmJmYjczMC1lY2FhLTExZTYtOGY4OC0zNDM2M2JjN2M0YzAiOnsiY3JlYXRlIjoxODAwMDAwMDAwMDAwLCJkZWxldGUiOjE4MDAwMDAwMDAwMDAsInJlYWQiOjMwMDAwMDAwMDAwMCwidXBkYXRlIjoxODAwMDAwMDAwMDAwfX0=",
          "dependencies": [
            "azurerm_resource_group.rg",
            "azurerm_virtual_network.vnet"
          ]
        }
      ]
    },
    {
      "mode": "managed",
      "type": "azurerm_subnet_network_security_group_association",
      "name": "association",
      "provider": "provider[\"registry.terraform.io/hashicorp/azurerm\"]",
      "instances": [
        {
          "schema_version": 0,
          "attributes": {
            "id": "/subscriptions/c207b113-8d0f-4fef-a892-47b962032477/resourceGroups/network-rg/providers/Microsoft.Network/virtualNetworks/network-vnet/subnets/network-subnet1",
            "network_security_group_id": "/subscriptions/c207b113-8d0f-4fef-a892-47b962032477/resourceGroups/network-rg/providers/Microsoft.Network/networkSecurityGroups/network-nsg1",
            "subnet_id": "/subscriptions/c207b113-8d0f-4fef-a892-47b962032477/resourceGroups/network-rg/providers/Microsoft.Network/virtualNetworks/network-vnet/subnets/network-subnet1",
            "timeouts": null
          },
          "sensitive_attributes": [],
          "private": "eyJlMmJmYjczMC1lY2FhLTExZTYtOGY4OC0zNDM2M2JjN2M0YzAiOnsiY3JlYXRlIjoxODAwMDAwMDAwMDAwLCJkZWxldGUiOjE4MDAwMDAwMDAwMDAsInJlYWQiOjMwMDAwMDAwMDAwMCwidXBkYXRlIjoxODAwMDAwMDAwMDAwfX0=",
          "dependencies": [
            "azurerm_network_security_group.nsg",
            "azurerm_resource_group.rg",
            "azurerm_subnet.subnet",
            "azurerm_virtual_network.vnet"
          ]
        }
      ]
    },
    {
      "mode": "managed",
      "type": "azurerm_subnet_network_security_group_association",
      "name": "association2",
      "provider": "provider[\"registry.terraform.io/hashicorp/azurerm\"]",
      "instances": [
        {
          "schema_version": 0,
          "attributes": {
            "id": "/subscriptions/c207b113-8d0f-4fef-a892-47b962032477/resourceGroups/network-rg/providers/Microsoft.Network/virtualNetworks/network-vnet/subnets/network-subnet2",
            "network_security_group_id": "/subscriptions/c207b113-8d0f-4fef-a892-47b962032477/resourceGroups/network-rg/providers/Microsoft.Network/networkSecurityGroups/network-nsg2",
            "subnet_id": "/subscriptions/c207b113-8d0f-4fef-a892-47b962032477/resourceGroups/network-rg/providers/Microsoft.Network/virtualNetworks/network-vnet/subnets/network-subnet2",
            "timeouts": null
          },
          "sensitive_attributes": [],
          "private": "eyJlMmJmYjczMC1lY2FhLTExZTYtOGY4OC0zNDM2M2JjN2M0YzAiOnsiY3JlYXRlIjoxODAwMDAwMDAwMDAwLCJkZWxldGUiOjE4MDAwMDAwMDAwMDAsInJlYWQiOjMwMDAwMDAwMDAwMCwidXBkYXRlIjoxODAwMDAwMDAwMDAwfX0=",
          "dependencies": [
            "azurerm_network_security_group.nsg2",
            "azurerm_resource_group.rg",
            "azurerm_subnet.subnet2",
            "azurerm_virtual_network.vnet"
          ]
        }
      ]
    },
    {
      "mode": "managed",
      "type": "azurerm_virtual_network",
      "name": "vnet",
      "provider": "provider[\"registry.terraform.io/hashicorp/azurerm\"]",
      "instances": [
        {
          "schema_version": 0,
          "attributes": {
            "address_space": [
              "10.0.0.0/16"
            ],
            "bgp_community": "",
            "ddos_protection_plan": [],
            "dns_servers": [],
            "edge_zone": "",
            "flow_timeout_in_minutes": 0,
            "guid": "bf3c3b22-abbb-4790-b7d7-f29039539a99",
            "id": "/subscriptions/c207b113-8d0f-4fef-a892-47b962032477/resourceGroups/network-rg/providers/Microsoft.Network/virtualNetworks/network-vnet",
            "location": "canadacentral",
            "name": "network-vnet",
            "resource_group_name": "network-rg",
            "subnet": [],
            "tags": null,
            "timeouts": null
          },
          "sensitive_attributes": [],
          "private": "eyJlMmJmYjczMC1lY2FhLTExZTYtOGY4OC0zNDM2M2JjN2M0YzAiOnsiY3JlYXRlIjoxODAwMDAwMDAwMDAwLCJkZWxldGUiOjE4MDAwMDAwMDAwMDAsInJlYWQiOjMwMDAwMDAwMDAwMCwidXBkYXRlIjoxODAwMDAwMDAwMDAwfX0=",
          "dependencies": [
            "azurerm_resource_group.rg"
          ]
        }
      ]
    }
  ],
  "check_results": null
}
